
Microsoft Visual Studio Solution File, Format Version 12.00
# Visual Studio 15
VisualStudioVersion = 15.0.28307.757
MinimumVisualStudioVersion = 10.0.40219.1
Project("{9A19103F-16F7-4668-BE54-9A1E7A4F7556}") = "Transavia.Web.MVC", "src\Transavia.Web.MVC\Transavia.Web.MVC.csproj", "{457B9F0B-A373-4A07-8231-CEAACE4E4408}"
EndProject
Project("{2150E333-8FDC-42A3-9474-1A3956D46DE8}") = "tests", "tests", "{2661B073-5C12-4388-B159-A257B5F3F43E}"
EndProject
Project("{2150E333-8FDC-42A3-9474-1A3956D46DE8}") = "Unit", "Unit", "{5D9E510C-2D12-4485-AE0F-B4C70F804A0B}"
EndProject
Project("{2150E333-8FDC-42A3-9474-1A3956D46DE8}") = "Integration", "Integration", "{170A6BA3-68C2-4F13-B20A-1E1205ADDE1B}"
EndProject
Project("{9A19103F-16F7-4668-BE54-9A1E7A4F7556}") = "Transavia.Infrastructure.Data", "src\Transavia.Infrastructure.Data\Transavia.Infrastructure.Data.csproj", "{2AD99AAC-4FA4-4C63-B9DE-1C09B62B5105}"
EndProject
Project("{9A19103F-16F7-4668-BE54-9A1E7A4F7556}") = "Transavia.Application.Commands", "src\Transavia.Application.Commands\Transavia.Application.Commands.csproj", "{5F386053-4A2F-4033-A0E2-9155C01F5B95}"
EndProject
Project("{9A19103F-16F7-4668-BE54-9A1E7A4F7556}") = "Transavia.Application.Queries", "src\Transavia.Application.Queries\Transavia.Application.Queries.csproj", "{FD1108C7-3D4A-4540-B3BE-50CFE14CB41C}"
EndProject
Project("{9A19103F-16F7-4668-BE54-9A1E7A4F7556}") = "Transavia.API", "src\Transavia.API\Transavia.API.csproj", "{6D96D4D3-72C1-4891-8DBF-F9C150A1D483}"
EndProject
Project("{9A19103F-16F7-4668-BE54-9A1E7A4F7556}") = "Transavia.Infrastructure.IntegrationTests", "tests\Integration\Transavia.Infrastructure.IntegrationTests\Transavia.Infrastructure.IntegrationTests.csproj", "{CA4DBF36-2632-46FE-95AD-CC6232F361ED}"
EndProject
Project("{9A19103F-16F7-4668-BE54-9A1E7A4F7556}") = "Transavia.Application.Queries.Sql", "src\Transavia.Application.Queries.Sql\Transavia.Application.Queries.Sql.csproj", "{3EA516E3-B9B9-4819-AE7C-708482B78205}"
EndProject
Project("{9A19103F-16F7-4668-BE54-9A1E7A4F7556}") = "Transavia.DatabaseSeeder", "src\Transavia.DatabaseSeeder\Transavia.DatabaseSeeder.csproj", "{CBD1143D-7B7A-45A1-ADB2-21296EAE180D}"
EndProject
Project("{E53339B2-1760-4266-BCC7-CA923CBCF16C}") = "docker-compose", "docker-compose.dcproj", "{643600D6-E0E2-4288-BA3C-DACE7114B5C7}"
EndProject
Project("{9A19103F-16F7-4668-BE54-9A1E7A4F7556}") = "Transavia.Infrastructure.Cache", "src\Transavia.Infrastructure.Cache\Transavia.Infrastructure.Cache.csproj", "{B28C94AB-707D-4D84-9214-13534C781F02}"
EndProject
Project("{9A19103F-16F7-4668-BE54-9A1E7A4F7556}") = "Transavia.Infrastructure.Cache.Redis", "src\Transavia.Infrastructure.Cache.Redis\Transavia.Infrastructure.Cache.Redis.csproj", "{90301A1A-F578-41E0-8261-95D0D69CCBA0}"
EndProject
Project("{9A19103F-16F7-4668-BE54-9A1E7A4F7556}") = "Transavia.Infrastructure", "src\Transavia.Infrastructure\Transavia.Infrastructure.csproj", "{27F53050-8B13-4ECA-871D-03463B48E7DE}"
EndProject
Project("{9A19103F-16F7-4668-BE54-9A1E7A4F7556}") = "Transavia.Infrastructure.UnitTests", "tests\Unit\Transavia.Infrastructure.UnitTests\Transavia.Infrastructure.UnitTests.csproj", "{067F53BC-B3D1-47AE-BB1A-4B32509D007A}"
EndProject
Project("{2150E333-8FDC-42A3-9474-1A3956D46DE8}") = "Performance", "Performance", "{B133EF92-B0A5-4922-89FC-6A8A342344EF}"
EndProject
Project("{FAE04EC0-301F-11D3-BF4B-00C04F79EFBC}") = "Transavia.API.PerformanceTests", "tests\Performance\Transavia.API.PerformanceTests\Transavia.API.PerformanceTests.csproj", "{F085625C-59EF-4B4C-B230-A6D3C6835C62}"
EndProject
Global
	GlobalSection(SolutionConfigurationPlatforms) = preSolution
		Debug|Any CPU = Debug|Any CPU
		Release|Any CPU = Release|Any CPU
	EndGlobalSection
	GlobalSection(ProjectConfigurationPlatforms) = postSolution
		{457B9F0B-A373-4A07-8231-CEAACE4E4408}.Debug|Any CPU.ActiveCfg = Debug|Any CPU
		{457B9F0B-A373-4A07-8231-CEAACE4E4408}.Debug|Any CPU.Build.0 = Debug|Any CPU
		{457B9F0B-A373-4A07-8231-CEAACE4E4408}.Release|Any CPU.ActiveCfg = Release|Any CPU
		{457B9F0B-A373-4A07-8231-CEAACE4E4408}.Release|Any CPU.Build.0 = Release|Any CPU
		{2AD99AAC-4FA4-4C63-B9DE-1C09B62B5105}.Debug|Any CPU.ActiveCfg = Debug|Any CPU
		{2AD99AAC-4FA4-4C63-B9DE-1C09B62B5105}.Debug|Any CPU.Build.0 = Debug|Any CPU
		{2AD99AAC-4FA4-4C63-B9DE-1C09B62B5105}.Release|Any CPU.ActiveCfg = Release|Any CPU
		{2AD99AAC-4FA4-4C63-B9DE-1C09B62B5105}.Release|Any CPU.Build.0 = Release|Any CPU
		{5F386053-4A2F-4033-A0E2-9155C01F5B95}.Debug|Any CPU.ActiveCfg = Debug|Any CPU
		{5F386053-4A2F-4033-A0E2-9155C01F5B95}.Debug|Any CPU.Build.0 = Debug|Any CPU
		{5F386053-4A2F-4033-A0E2-9155C01F5B95}.Release|Any CPU.ActiveCfg = Release|Any CPU
		{5F386053-4A2F-4033-A0E2-9155C01F5B95}.Release|Any CPU.Build.0 = Release|Any CPU
		{FD1108C7-3D4A-4540-B3BE-50CFE14CB41C}.Debug|Any CPU.ActiveCfg = Debug|Any CPU
		{FD1108C7-3D4A-4540-B3BE-50CFE14CB41C}.Debug|Any CPU.Build.0 = Debug|Any CPU
		{FD1108C7-3D4A-4540-B3BE-50CFE14CB41C}.Release|Any CPU.ActiveCfg = Release|Any CPU
		{FD1108C7-3D4A-4540-B3BE-50CFE14CB41C}.Release|Any CPU.Build.0 = Release|Any CPU
		{6D96D4D3-72C1-4891-8DBF-F9C150A1D483}.Debug|Any CPU.ActiveCfg = Debug|Any CPU
		{6D96D4D3-72C1-4891-8DBF-F9C150A1D483}.Debug|Any CPU.Build.0 = Debug|Any CPU
		{6D96D4D3-72C1-4891-8DBF-F9C150A1D483}.Release|Any CPU.ActiveCfg = Release|Any CPU
		{6D96D4D3-72C1-4891-8DBF-F9C150A1D483}.Release|Any CPU.Build.0 = Release|Any CPU
		{CA4DBF36-2632-46FE-95AD-CC6232F361ED}.Debug|Any CPU.ActiveCfg = Debug|Any CPU
		{CA4DBF36-2632-46FE-95AD-CC6232F361ED}.Debug|Any CPU.Build.0 = Debug|Any CPU
		{CA4DBF36-2632-46FE-95AD-CC6232F361ED}.Release|Any CPU.ActiveCfg = Release|Any CPU
		{CA4DBF36-2632-46FE-95AD-CC6232F361ED}.Release|Any CPU.Build.0 = Release|Any CPU
		{3EA516E3-B9B9-4819-AE7C-708482B78205}.Debug|Any CPU.ActiveCfg = Debug|Any CPU
		{3EA516E3-B9B9-4819-AE7C-708482B78205}.Debug|Any CPU.Build.0 = Debug|Any CPU
		{3EA516E3-B9B9-4819-AE7C-708482B78205}.Release|Any CPU.ActiveCfg = Release|Any CPU
		{3EA516E3-B9B9-4819-AE7C-708482B78205}.Release|Any CPU.Build.0 = Release|Any CPU
		{CBD1143D-7B7A-45A1-ADB2-21296EAE180D}.Debug|Any CPU.ActiveCfg = Debug|Any CPU
		{CBD1143D-7B7A-45A1-ADB2-21296EAE180D}.Debug|Any CPU.Build.0 = Debug|Any CPU
		{CBD1143D-7B7A-45A1-ADB2-21296EAE180D}.Release|Any CPU.ActiveCfg = Release|Any CPU
		{CBD1143D-7B7A-45A1-ADB2-21296EAE180D}.Release|Any CPU.Build.0 = Release|Any CPU
		{643600D6-E0E2-4288-BA3C-DACE7114B5C7}.Debug|Any CPU.ActiveCfg = Debug|Any CPU
		{643600D6-E0E2-4288-BA3C-DACE7114B5C7}.Debug|Any CPU.Build.0 = Debug|Any CPU
		{643600D6-E0E2-4288-BA3C-DACE7114B5C7}.Release|Any CPU.ActiveCfg = Release|Any CPU
		{643600D6-E0E2-4288-BA3C-DACE7114B5C7}.Release|Any CPU.Build.0 = Release|Any CPU
		{B28C94AB-707D-4D84-9214-13534C781F02}.Debug|Any CPU.ActiveCfg = Debug|Any CPU
		{B28C94AB-707D-4D84-9214-13534C781F02}.Debug|Any CPU.Build.0 = Debug|Any CPU
		{B28C94AB-707D-4D84-9214-13534C781F02}.Release|Any CPU.ActiveCfg = Release|Any CPU
		{B28C94AB-707D-4D84-9214-13534C781F02}.Release|Any CPU.Build.0 = Release|Any CPU
		{90301A1A-F578-41E0-8261-95D0D69CCBA0}.Debug|Any CPU.ActiveCfg = Debug|Any CPU
		{90301A1A-F578-41E0-8261-95D0D69CCBA0}.Debug|Any CPU.Build.0 = Debug|Any CPU
		{90301A1A-F578-41E0-8261-95D0D69CCBA0}.Release|Any CPU.ActiveCfg = Release|Any CPU
		{90301A1A-F578-41E0-8261-95D0D69CCBA0}.Release|Any CPU.Build.0 = Release|Any CPU
		{27F53050-8B13-4ECA-871D-03463B48E7DE}.Debug|Any CPU.ActiveCfg = Debug|Any CPU
		{27F53050-8B13-4ECA-871D-03463B48E7DE}.Debug|Any CPU.Build.0 = Debug|Any CPU
		{27F53050-8B13-4ECA-871D-03463B48E7DE}.Release|Any CPU.ActiveCfg = Release|Any CPU
		{27F53050-8B13-4ECA-871D-03463B48E7DE}.Release|Any CPU.Build.0 = Release|Any CPU
		{067F53BC-B3D1-47AE-BB1A-4B32509D007A}.Debug|Any CPU.ActiveCfg = Debug|Any CPU
		{067F53BC-B3D1-47AE-BB1A-4B32509D007A}.Debug|Any CPU.Build.0 = Debug|Any CPU
		{067F53BC-B3D1-47AE-BB1A-4B32509D007A}.Release|Any CPU.ActiveCfg = Release|Any CPU
		{067F53BC-B3D1-47AE-BB1A-4B32509D007A}.Release|Any CPU.Build.0 = Release|Any CPU
		{F085625C-59EF-4B4C-B230-A6D3C6835C62}.Debug|Any CPU.ActiveCfg = Debug|Any CPU
		{F085625C-59EF-4B4C-B230-A6D3C6835C62}.Debug|Any CPU.Build.0 = Debug|Any CPU
		{F085625C-59EF-4B4C-B230-A6D3C6835C62}.Release|Any CPU.ActiveCfg = Release|Any CPU
		{F085625C-59EF-4B4C-B230-A6D3C6835C62}.Release|Any CPU.Build.0 = Release|Any CPU
	EndGlobalSection
	GlobalSection(SolutionProperties) = preSolution
		HideSolutionNode = FALSE
	EndGlobalSection
	GlobalSection(NestedProjects) = preSolution
		{5D9E510C-2D12-4485-AE0F-B4C70F804A0B} = {2661B073-5C12-4388-B159-A257B5F3F43E}
		{170A6BA3-68C2-4F13-B20A-1E1205ADDE1B} = {2661B073-5C12-4388-B159-A257B5F3F43E}
		{CA4DBF36-2632-46FE-95AD-CC6232F361ED} = {170A6BA3-68C2-4F13-B20A-1E1205ADDE1B}
		{067F53BC-B3D1-47AE-BB1A-4B32509D007A} = {5D9E510C-2D12-4485-AE0F-B4C70F804A0B}
		{B133EF92-B0A5-4922-89FC-6A8A342344EF} = {2661B073-5C12-4388-B159-A257B5F3F43E}
		{F085625C-59EF-4B4C-B230-A6D3C6835C62} = {B133EF92-B0A5-4922-89FC-6A8A342344EF}
	EndGlobalSection
	GlobalSection(ExtensibilityGlobals) = postSolution
		SolutionGuid = {1BE138B5-27E8-400B-BA5D-B2D93CC8AF77}
	EndGlobalSection
EndGlobal
